// !$*UTF8*$!
{
	archiveVersion = 1;
	classes = {
	};
	objectVersion = 55;
	objects = {

/* Begin PBXBuildFile section */
		3901BBAD281295B4009811D9 /* SalesView.swift in Sources */ = {isa = PBXBuildFile; fileRef = 3901BBAC281295B4009811D9 /* SalesView.swift */; };
		3901BBAE281295B4009811D9 /* SalesView.swift in Sources */ = {isa = PBXBuildFile; fileRef = 3901BBAC281295B4009811D9 /* SalesView.swift */; };
		39438C46280FEAFC0003E01F /* Tests_iOS.swift in Sources */ = {isa = PBXBuildFile; fileRef = 39438C45280FEAFC0003E01F /* Tests_iOS.swift */; };
		39438C48280FEAFC0003E01F /* Tests_iOSLaunchTests.swift in Sources */ = {isa = PBXBuildFile; fileRef = 39438C47280FEAFC0003E01F /* Tests_iOSLaunchTests.swift */; };
		39438C52280FEAFC0003E01F /* Tests_macOS.swift in Sources */ = {isa = PBXBuildFile; fileRef = 39438C51280FEAFC0003E01F /* Tests_macOS.swift */; };
		39438C54280FEAFC0003E01F /* Tests_macOSLaunchTests.swift in Sources */ = {isa = PBXBuildFile; fileRef = 39438C53280FEAFC0003E01F /* Tests_macOSLaunchTests.swift */; };
		39438C55280FEAFC0003E01F /* WirtschaftsSimulationApp.swift in Sources */ = {isa = PBXBuildFile; fileRef = 39438C2D280FEAF50003E01F /* WirtschaftsSimulationApp.swift */; };
		39438C56280FEAFC0003E01F /* WirtschaftsSimulationApp.swift in Sources */ = {isa = PBXBuildFile; fileRef = 39438C2D280FEAF50003E01F /* WirtschaftsSimulationApp.swift */; };
		39438C57280FEAFC0003E01F /* StartGameView.swift in Sources */ = {isa = PBXBuildFile; fileRef = 39438C2E280FEAF50003E01F /* StartGameView.swift */; };
		39438C58280FEAFC0003E01F /* StartGameView.swift in Sources */ = {isa = PBXBuildFile; fileRef = 39438C2E280FEAF50003E01F /* StartGameView.swift */; };
		39438C59280FEAFC0003E01F /* Assets.xcassets in Resources */ = {isa = PBXBuildFile; fileRef = 39438C2F280FEAFC0003E01F /* Assets.xcassets */; };
		39438C5A280FEAFC0003E01F /* Assets.xcassets in Resources */ = {isa = PBXBuildFile; fileRef = 39438C2F280FEAFC0003E01F /* Assets.xcassets */; };
		396AEC412811391E008FBE95 /* PhoneCreationView.swift in Sources */ = {isa = PBXBuildFile; fileRef = 396AEC402811391E008FBE95 /* PhoneCreationView.swift */; };
		396AEC422811391E008FBE95 /* PhoneCreationView.swift in Sources */ = {isa = PBXBuildFile; fileRef = 396AEC402811391E008FBE95 /* PhoneCreationView.swift */; };
/* End PBXBuildFile section */

/* Begin PBXContainerItemProxy section */
		39438C42280FEAFC0003E01F /* PBXContainerItemProxy */ = {
			isa = PBXContainerItemProxy;
			containerPortal = 39438C28280FEAF40003E01F /* Project object */;
			proxyType = 1;
			remoteGlobalIDString = 39438C33280FEAFC0003E01F;
			remoteInfo = "WirtschaftsSimulation (iOS)";
		};
		39438C4E280FEAFC0003E01F /* PBXContainerItemProxy */ = {
			isa = PBXContainerItemProxy;
			containerPortal = 39438C28280FEAF40003E01F /* Project object */;
			proxyType = 1;
			remoteGlobalIDString = 39438C39280FEAFC0003E01F;
			remoteInfo = "WirtschaftsSimulation (macOS)";
		};
/* End PBXContainerItemProxy section */

/* Begin PBXFileReference section */
		3901BBAC281295B4009811D9 /* SalesView.swift */ = {isa = PBXFileReference; lastKnownFileType = sourcecode.swift; path = SalesView.swift; sourceTree = "<group>"; };
		39438C2D280FEAF50003E01F /* WirtschaftsSimulationApp.swift */ = {isa = PBXFileReference; lastKnownFileType = sourcecode.swift; path = WirtschaftsSimulationApp.swift; sourceTree = "<group>"; };
		39438C2E280FEAF50003E01F /* StartGameView.swift */ = {isa = PBXFileReference; lastKnownFileType = sourcecode.swift; path = StartGameView.swift; sourceTree = "<group>"; };
		39438C2F280FEAFC0003E01F /* Assets.xcassets */ = {isa = PBXFileReference; lastKnownFileType = folder.assetcatalog; path = Assets.xcassets; sourceTree = "<group>"; };
		39438C34280FEAFC0003E01F /* WirtschaftsSimulation.app */ = {isa = PBXFileReference; explicitFileType = wrapper.application; includeInIndex = 0; path = WirtschaftsSimulation.app; sourceTree = BUILT_PRODUCTS_DIR; };
		39438C3A280FEAFC0003E01F /* WirtschaftsSimulation.app */ = {isa = PBXFileReference; explicitFileType = wrapper.application; includeInIndex = 0; path = WirtschaftsSimulation.app; sourceTree = BUILT_PRODUCTS_DIR; };
		39438C3C280FEAFC0003E01F /* macOS.entitlements */ = {isa = PBXFileReference; lastKnownFileType = text.plist.entitlements; path = macOS.entitlements; sourceTree = "<group>"; };
		39438C41280FEAFC0003E01F /* Tests iOS.xctest */ = {isa = PBXFileReference; explicitFileType = wrapper.cfbundle; includeInIndex = 0; path = "Tests iOS.xctest"; sourceTree = BUILT_PRODUCTS_DIR; };
		39438C45280FEAFC0003E01F /* Tests_iOS.swift */ = {isa = PBXFileReference; lastKnownFileType = sourcecode.swift; path = Tests_iOS.swift; sourceTree = "<group>"; };
		39438C47280FEAFC0003E01F /* Tests_iOSLaunchTests.swift */ = {isa = PBXFileReference; lastKnownFileType = sourcecode.swift; path = Tests_iOSLaunchTests.swift; sourceTree = "<group>"; };
		39438C4D280FEAFC0003E01F /* Tests macOS.xctest */ = {isa = PBXFileReference; explicitFileType = wrapper.cfbundle; includeInIndex = 0; path = "Tests macOS.xctest"; sourceTree = BUILT_PRODUCTS_DIR; };
		39438C51280FEAFC0003E01F /* Tests_macOS.swift */ = {isa = PBXFileReference; lastKnownFileType = sourcecode.swift; path = Tests_macOS.swift; sourceTree = "<group>"; };
		39438C53280FEAFC0003E01F /* Tests_macOSLaunchTests.swift */ = {isa = PBXFileReference; lastKnownFileType = sourcecode.swift; path = Tests_macOSLaunchTests.swift; sourceTree = "<group>"; };
		396AEC402811391E008FBE95 /* PhoneCreationView.swift */ = {isa = PBXFileReference; lastKnownFileType = sourcecode.swift; path = PhoneCreationView.swift; sourceTree = "<group>"; };
/* End PBXFileReference section */

/* Begin PBXFrameworksBuildPhase section */
		39438C31280FEAFC0003E01F /* Frameworks */ = {
			isa = PBXFrameworksBuildPhase;
			buildActionMask = 2147483647;
			files = (
			);
			runOnlyForDeploymentPostprocessing = 0;
		};
		39438C37280FEAFC0003E01F /* Frameworks */ = {
			isa = PBXFrameworksBuildPhase;
			buildActionMask = 2147483647;
			files = (
			);
			runOnlyForDeploymentPostprocessing = 0;
		};
		39438C3E280FEAFC0003E01F /* Frameworks */ = {
			isa = PBXFrameworksBuildPhase;
			buildActionMask = 2147483647;
			files = (
			);
			runOnlyForDeploymentPostprocessing = 0;
		};
		39438C4A280FEAFC0003E01F /* Frameworks */ = {
			isa = PBXFrameworksBuildPhase;
			buildActionMask = 2147483647;
			files = (
			);
			runOnlyForDeploymentPostprocessing = 0;
		};
/* End PBXFrameworksBuildPhase section */

/* Begin PBXGroup section */
		39438C27280FEAF40003E01F = {
			isa = PBXGroup;
			children = (
				39438C2C280FEAF50003E01F /* Shared */,
				39438C3B280FEAFC0003E01F /* macOS */,
				39438C44280FEAFC0003E01F /* Tests iOS */,
				39438C50280FEAFC0003E01F /* Tests macOS */,
				39438C35280FEAFC0003E01F /* Products */,
			);
			sourceTree = "<group>";
		};
		39438C2C280FEAF50003E01F /* Shared */ = {
			isa = PBXGroup;
			children = (
				39438C2D280FEAF50003E01F /* WirtschaftsSimulationApp.swift */,
				396AEC402811391E008FBE95 /* PhoneCreationView.swift */,
				39438C2E280FEAF50003E01F /* StartGameView.swift */,
				3901BBAC281295B4009811D9 /* SalesView.swift */,
				39438C2F280FEAFC0003E01F /* Assets.xcassets */,
			);
			path = Shared;
			sourceTree = "<group>";
		};
		39438C35280FEAFC0003E01F /* Products */ = {
			isa = PBXGroup;
			children = (
				39438C34280FEAFC0003E01F /* WirtschaftsSimulation.app */,
				39438C3A280FEAFC0003E01F /* WirtschaftsSimulation.app */,
				39438C41280FEAFC0003E01F /* Tests iOS.xctest */,
				39438C4D280FEAFC0003E01F /* Tests macOS.xctest */,
			);
			name = Products;
			sourceTree = "<group>";
		};
		39438C3B280FEAFC0003E01F /* macOS */ = {
			isa = PBXGroup;
			children = (
				39438C3C280FEAFC0003E01F /* macOS.entitlements */,
			);
			path = macOS;
			sourceTree = "<group>";
		};
		39438C44280FEAFC0003E01F /* Tests iOS */ = {
			isa = PBXGroup;
			children = (
				39438C45280FEAFC0003E01F /* Tests_iOS.swift */,
				39438C47280FEAFC0003E01F /* Tests_iOSLaunchTests.swift */,
			);
			path = "Tests iOS";
			sourceTree = "<group>";
		};
		39438C50280FEAFC0003E01F /* Tests macOS */ = {
			isa = PBXGroup;
			children = (
				39438C51280FEAFC0003E01F /* Tests_macOS.swift */,
				39438C53280FEAFC0003E01F /* Tests_macOSLaunchTests.swift */,
			);
			path = "Tests macOS";
			sourceTree = "<group>";
		};
/* End PBXGroup section */

/* Begin PBXNativeTarget section */
		39438C33280FEAFC0003E01F /* WirtschaftsSimulation (iOS) */ = {
			isa = PBXNativeTarget;
			buildConfigurationList = 39438C5D280FEAFC0003E01F /* Build configuration list for PBXNativeTarget "WirtschaftsSimulation (iOS)" */;
			buildPhases = (
				39438C30280FEAFC0003E01F /* Sources */,
				39438C31280FEAFC0003E01F /* Frameworks */,
				39438C32280FEAFC0003E01F /* Resources */,
			);
			buildRules = (
			);
			dependencies = (
			);
			name = "WirtschaftsSimulation (iOS)";
			productName = "WirtschaftsSimulation (iOS)";
			productReference = 39438C34280FEAFC0003E01F /* WirtschaftsSimulation.app */;
			productType = "com.apple.product-type.application";
		};
		39438C39280FEAFC0003E01F /* WirtschaftsSimulation (macOS) */ = {
			isa = PBXNativeTarget;
			buildConfigurationList = 39438C60280FEAFC0003E01F /* Build configuration list for PBXNativeTarget "WirtschaftsSimulation (macOS)" */;
			buildPhases = (
				39438C36280FEAFC0003E01F /* Sources */,
				39438C37280FEAFC0003E01F /* Frameworks */,
				39438C38280FEAFC0003E01F /* Resources */,
			);
			buildRules = (
			);
			dependencies = (
			);
			name = "WirtschaftsSimulation (macOS)";
			productName = "WirtschaftsSimulation (macOS)";
			productReference = 39438C3A280FEAFC0003E01F /* WirtschaftsSimulation.app */;
			productType = "com.apple.product-type.application";
		};
		39438C40280FEAFC0003E01F /* Tests iOS */ = {
			isa = PBXNativeTarget;
			buildConfigurationList = 39438C63280FEAFC0003E01F /* Build configuration list for PBXNativeTarget "Tests iOS" */;
			buildPhases = (
				39438C3D280FEAFC0003E01F /* Sources */,
				39438C3E280FEAFC0003E01F /* Frameworks */,
				39438C3F280FEAFC0003E01F /* Resources */,
			);
			buildRules = (
			);
			dependencies = (
				39438C43280FEAFC0003E01F /* PBXTargetDependency */,
			);
			name = "Tests iOS";
			productName = "Tests iOS";
			productReference = 39438C41280FEAFC0003E01F /* Tests iOS.xctest */;
			productType = "com.apple.product-type.bundle.ui-testing";
		};
		39438C4C280FEAFC0003E01F /* Tests macOS */ = {
			isa = PBXNativeTarget;
			buildConfigurationList = 39438C66280FEAFC0003E01F /* Build configuration list for PBXNativeTarget "Tests macOS" */;
			buildPhases = (
				39438C49280FEAFC0003E01F /* Sources */,
				39438C4A280FEAFC0003E01F /* Frameworks */,
				39438C4B280FEAFC0003E01F /* Resources */,
			);
			buildRules = (
			);
			dependencies = (
				39438C4F280FEAFC0003E01F /* PBXTargetDependency */,
			);
			name = "Tests macOS";
			productName = "Tests macOS";
			productReference = 39438C4D280FEAFC0003E01F /* Tests macOS.xctest */;
			productType = "com.apple.product-type.bundle.ui-testing";
		};
/* End PBXNativeTarget section */

/* Begin PBXProject section */
		39438C28280FEAF40003E01F /* Project object */ = {
			isa = PBXProject;
			attributes = {
				BuildIndependentTargetsInParallel = 1;
				LastSwiftUpdateCheck = 1330;
				LastUpgradeCheck = 1330;
				TargetAttributes = {
					39438C33280FEAFC0003E01F = {
						CreatedOnToolsVersion = 13.3.1;
					};
					39438C39280FEAFC0003E01F = {
						CreatedOnToolsVersion = 13.3.1;
					};
					39438C40280FEAFC0003E01F = {
						CreatedOnToolsVersion = 13.3.1;
						TestTargetID = 39438C33280FEAFC0003E01F;
					};
					39438C4C280FEAFC0003E01F = {
						CreatedOnToolsVersion = 13.3.1;
						TestTargetID = 39438C39280FEAFC0003E01F;
					};
				};
			};
			buildConfigurationList = 39438C2B280FEAF40003E01F /* Build configuration list for PBXProject "WirtschaftsSimulation" */;
			compatibilityVersion = "Xcode 13.0";
			developmentRegion = en;
			hasScannedForEncodings = 0;
			knownRegions = (
				en,
				Base,
			);
			mainGroup = 39438C27280FEAF40003E01F;
			productRefGroup = 39438C35280FEAFC0003E01F /* Products */;
			projectDirPath = "";
			projectRoot = "";
			targets = (
				39438C33280FEAFC0003E01F /* WirtschaftsSimulation (iOS) */,
				39438C39280FEAFC0003E01F /* WirtschaftsSimulation (macOS) */,
				39438C40280FEAFC0003E01F /* Tests iOS */,
				39438C4C280FEAFC0003E01F /* Tests macOS */,
			);
		};
/* End PBXProject section */

/* Begin PBXResourcesBuildPhase section */
		39438C32280FEAFC0003E01F /* Resources */ = {
			isa = PBXResourcesBuildPhase;
			buildActionMask = 2147483647;
			files = (
				39438C59280FEAFC0003E01F /* Assets.xcassets in Resources */,
			);
			runOnlyForDeploymentPostprocessing = 0;
		};
		39438C38280FEAFC0003E01F /* Resources */ = {
			isa = PBXResourcesBuildPhase;
			buildActionMask = 2147483647;
			files = (
				39438C5A280FEAFC0003E01F /* Assets.xcassets in Resources */,
			);
			runOnlyForDeploymentPostprocessing = 0;
		};
		39438C3F280FEAFC0003E01F /* Resources */ = {
			isa = PBXResourcesBuildPhase;
			buildActionMask = 2147483647;
			files = (
			);
			runOnlyForDeploymentPostprocessing = 0;
		};
		39438C4B280FEAFC0003E01F /* Resources */ = {
			isa = PBXResourcesBuildPhase;
			buildActionMask = 2147483647;
			files = (
			);
			runOnlyForDeploymentPostprocessing = 0;
		};
/* End PBXResourcesBuildPhase section */

/* Begin PBXSourcesBuildPhase section */
		39438C30280FEAFC0003E01F /* Sources */ = {
			isa = PBXSourcesBuildPhase;
			buildActionMask = 2147483647;
			files = (
				39438C57280FEAFC0003E01F /* StartGameView.swift in Sources */,
				3901BBAD281295B4009811D9 /* SalesView.swift in Sources */,
				396AEC412811391E008FBE95 /* PhoneCreationView.swift in Sources */,
				39438C55280FEAFC0003E01F /* WirtschaftsSimulationApp.swift in Sources */,
			);
			runOnlyForDeploymentPostprocessing = 0;
		};
		39438C36280FEAFC0003E01F /* Sources */ = {
			isa = PBXSourcesBuildPhase;
			buildActionMask = 2147483647;
			files = (
				39438C58280FEAFC0003E01F /* StartGameView.swift in Sources */,
				3901BBAE281295B4009811D9 /* SalesView.swift in Sources */,
				396AEC422811391E008FBE95 /* PhoneCreationView.swift in Sources */,
				39438C56280FEAFC0003E01F /* WirtschaftsSimulationApp.swift in Sources */,
			);
			runOnlyForDeploymentPostprocessing = 0;
		};
		39438C3D280FEAFC0003E01F /* Sources */ = {
			isa = PBXSourcesBuildPhase;
			buildActionMask = 2147483647;
			files = (
				39438C48280FEAFC0003E01F /* Tests_iOSLaunchTests.swift in Sources */,
				39438C46280FEAFC0003E01F /* Tests_iOS.swift in Sources */,
			);
			runOnlyForDeploymentPostprocessing = 0;
		};
		39438C49280FEAFC0003E01F /* Sources */ = {
			isa = PBXSourcesBuildPhase;
			buildActionMask = 2147483647;
			files = (
				39438C54280FEAFC0003E01F /* Tests_macOSLaunchTests.swift in Sources */,
				39438C52280FEAFC0003E01F /* Tests_macOS.swift in Sources */,
			);
			runOnlyForDeploymentPostprocessing = 0;
		};
/* End PBXSourcesBuildPhase section */

/* Begin PBXTargetDependency section */
		39438C43280FEAFC0003E01F /* PBXTargetDependency */ = {
			isa = PBXTargetDependency;
			target = 39438C33280FEAFC0003E01F /* WirtschaftsSimulation (iOS) */;
			targetProxy = 39438C42280FEAFC0003E01F /* PBXContainerItemProxy */;
		};
		39438C4F280FEAFC0003E01F /* PBXTargetDependency */ = {
			isa = PBXTargetDependency;
			target = 39438C39280FEAFC0003E01F /* WirtschaftsSimulation (macOS) */;
			targetProxy = 39438C4E280FEAFC0003E01F /* PBXContainerItemProxy */;
		};
/* End PBXTargetDependency section */

/* Begin XCBuildConfiguration section */
		39438C5B280FEAFC0003E01F /* Debug */ = {
			isa = XCBuildConfiguration;
			buildSettings = {
				ALWAYS_SEARCH_USER_PATHS = NO;
				CLANG_ANALYZER_NONNULL = YES;
				CLANG_ANALYZER_NUMBER_OBJECT_CONVERSION = YES_AGGRESSIVE;
				CLANG_CXX_LANGUAGE_STANDARD = "gnu++17";
				CLANG_ENABLE_MODULES = YES;
				CLANG_ENABLE_OBJC_ARC = YES;
				CLANG_ENABLE_OBJC_WEAK = YES;
				CLANG_WARN_BLOCK_CAPTURE_AUTORELEASING = YES;
				CLANG_WARN_BOOL_CONVERSION = YES;
				CLANG_WARN_COMMA = YES;
				CLANG_WARN_CONSTANT_CONVERSION = YES;
				CLANG_WARN_DEPRECATED_OBJC_IMPLEMENTATIONS = YES;
				CLANG_WARN_DIRECT_OBJC_ISA_USAGE = YES_ERROR;
				CLANG_WARN_DOCUMENTATION_COMMENTS = YES;
				CLANG_WARN_EMPTY_BODY = YES;
				CLANG_WARN_ENUM_CONVERSION = YES;
				CLANG_WARN_INFINITE_RECURSION = YES;
				CLANG_WARN_INT_CONVERSION = YES;
				CLANG_WARN_NON_LITERAL_NULL_CONVERSION = YES;
				CLANG_WARN_OBJC_IMPLICIT_RETAIN_SELF = YES;
				CLANG_WARN_OBJC_LITERAL_CONVERSION = YES;
				CLANG_WARN_OBJC_ROOT_CLASS = YES_ERROR;
				CLANG_WARN_QUOTED_INCLUDE_IN_FRAMEWORK_HEADER = YES;
				CLANG_WARN_RANGE_LOOP_ANALYSIS = YES;
				CLANG_WARN_STRICT_PROTOTYPES = YES;
				CLANG_WARN_SUSPICIOUS_MOVE = YES;
				CLANG_WARN_UNGUARDED_AVAILABILITY = YES_AGGRESSIVE;
				CLANG_WARN_UNREACHABLE_CODE = YES;
				CLANG_WARN__DUPLICATE_METHOD_MATCH = YES;
				COPY_PHASE_STRIP = NO;
				DEBUG_INFORMATION_FORMAT = dwarf;
				ENABLE_STRICT_OBJC_MSGSEND = YES;
				ENABLE_TESTABILITY = YES;
				GCC_C_LANGUAGE_STANDARD = gnu11;
				GCC_DYNAMIC_NO_PIC = NO;
				GCC_NO_COMMON_BLOCKS = YES;
				GCC_OPTIMIZATION_LEVEL = 0;
				GCC_PREPROCESSOR_DEFINITIONS = (
					"DEBUG=1",
					"$(inherited)",
				);
				GCC_WARN_64_TO_32_BIT_CONVERSION = YES;
				GCC_WARN_ABOUT_RETURN_TYPE = YES_ERROR;
				GCC_WARN_UNDECLARED_SELECTOR = YES;
				GCC_WARN_UNINITIALIZED_AUTOS = YES_AGGRESSIVE;
				GCC_WARN_UNUSED_FUNCTION = YES;
				GCC_WARN_UNUSED_VARIABLE = YES;
				MTL_ENABLE_DEBUG_INFO = INCLUDE_SOURCE;
				MTL_FAST_MATH = YES;
				ONLY_ACTIVE_ARCH = YES;
				SWIFT_ACTIVE_COMPILATION_CONDITIONS = DEBUG;
				SWIFT_OPTIMIZATION_LEVEL = "-Onone";
			};
			name = Debug;
		};
		39438C5C280FEAFC0003E01F /* Release */ = {
			isa = XCBuildConfiguration;
			buildSettings = {
				ALWAYS_SEARCH_USER_PATHS = NO;
				CLANG_ANALYZER_NONNULL = YES;
				CLANG_ANALYZER_NUMBER_OBJECT_CONVERSION = YES_AGGRESSIVE;
				CLANG_CXX_LANGUAGE_STANDARD = "gnu++17";
				CLANG_ENABLE_MODULES = YES;
				CLANG_ENABLE_OBJC_ARC = YES;
				CLANG_ENABLE_OBJC_WEAK = YES;
				CLANG_WARN_BLOCK_CAPTURE_AUTORELEASING = YES;
				CLANG_WARN_BOOL_CONVERSION = YES;
				CLANG_WARN_COMMA = YES;
				CLANG_WARN_CONSTANT_CONVERSION = YES;
				CLANG_WARN_DEPRECATED_OBJC_IMPLEMENTATIONS = YES;
				CLANG_WARN_DIRECT_OBJC_ISA_USAGE = YES_ERROR;
				CLANG_WARN_DOCUMENTATION_COMMENTS = YES;
				CLANG_WARN_EMPTY_BODY = YES;
				CLANG_WARN_ENUM_CONVERSION = YES;
				CLANG_WARN_INFINITE_RECURSION = YES;
				CLANG_WARN_INT_CONVERSION = YES;
				CLANG_WARN_NON_LITERAL_NULL_CONVERSION = YES;
				CLANG_WARN_OBJC_IMPLICIT_RETAIN_SELF = YES;
				CLANG_WARN_OBJC_LITERAL_CONVERSION = YES;
				CLANG_WARN_OBJC_ROOT_CLASS = YES_ERROR;
				CLANG_WARN_QUOTED_INCLUDE_IN_FRAMEWORK_HEADER = YES;
				CLANG_WARN_RANGE_LOOP_ANALYSIS = YES;
				CLANG_WARN_STRICT_PROTOTYPES = YES;
				CLANG_WARN_SUSPICIOUS_MOVE = YES;
				CLANG_WARN_UNGUARDED_AVAILABILITY = YES_AGGRESSIVE;
				CLANG_WARN_UNREACHABLE_CODE = YES;
				CLANG_WARN__DUPLICATE_METHOD_MATCH = YES;
				COPY_PHASE_STRIP = NO;
				DEBUG_INFORMATION_FORMAT = "dwarf-with-dsym";
				ENABLE_NS_ASSERTIONS = NO;
				ENABLE_STRICT_OBJC_MSGSEND = YES;
				GCC_C_LANGUAGE_STANDARD = gnu11;
				GCC_NO_COMMON_BLOCKS = YES;
				GCC_WARN_64_TO_32_BIT_CONVERSION = YES;
				GCC_WARN_ABOUT_RETURN_TYPE = YES_ERROR;
				GCC_WARN_UNDECLARED_SELECTOR = YES;
				GCC_WARN_UNINITIALIZED_AUTOS = YES_AGGRESSIVE;
				GCC_WARN_UNUSED_FUNCTION = YES;
				GCC_WARN_UNUSED_VARIABLE = YES;
				MTL_ENABLE_DEBUG_INFO = NO;
				MTL_FAST_MATH = YES;
				SWIFT_COMPILATION_MODE = wholemodule;
				SWIFT_OPTIMIZATION_LEVEL = "-O";
			};
			name = Release;
		};
		39438C5E280FEAFC0003E01F /* Debug */ = {
			isa = XCBuildConfiguration;
			buildSettings = {
				ASSETCATALOG_COMPILER_APPICON_NAME = AppIcon;
				ASSETCATALOG_COMPILER_GLOBAL_ACCENT_COLOR_NAME = AccentColor;
				ASSETCATALOG_COMPILER_INCLUDE_ALL_APPICON_ASSETS = NO;
				CODE_SIGN_IDENTITY = "Apple Development";
				CODE_SIGN_STYLE = Automatic;
				CURRENT_PROJECT_VERSION = 1;
				DEVELOPMENT_TEAM = 7HK4S9RF37;
				ENABLE_PREVIEWS = YES;
				GENERATE_INFOPLIST_FILE = YES;
				INFOPLIST_KEY_UIApplicationSceneManifest_Generation = YES;
				INFOPLIST_KEY_UIApplicationSupportsIndirectInputEvents = YES;
				INFOPLIST_KEY_UILaunchScreen_Generation = YES;
				INFOPLIST_KEY_UISupportedInterfaceOrientations_iPad = "UIInterfaceOrientationPortrait UIInterfaceOrientationPortraitUpsideDown UIInterfaceOrientationLandscapeLeft UIInterfaceOrientationLandscapeRight";
				INFOPLIST_KEY_UISupportedInterfaceOrientations_iPhone = "UIInterfaceOrientationPortrait UIInterfaceOrientationLandscapeLeft UIInterfaceOrientationLandscapeRight";
				IPHONEOS_DEPLOYMENT_TARGET = 15.4;
				LD_RUNPATH_SEARCH_PATHS = (
					"$(inherited)",
					"@executable_path/Frameworks",
				);
				MARKETING_VERSION = 1.0;
				PRODUCT_BUNDLE_IDENTIFIER = matthias.praktikum.sap.WirtschaftsSimulation;
				PRODUCT_NAME = WirtschaftsSimulation;
				PROVISIONING_PROFILE_SPECIFIER = "";
				SDKROOT = iphoneos;
				SWIFT_EMIT_LOC_STRINGS = YES;
				SWIFT_VERSION = 5.0;
				TARGETED_DEVICE_FAMILY = "1,2";
			};
			name = Debug;
		};
		39438C5F280FEAFC0003E01F /* Release */ = {
			isa = XCBuildConfiguration;
			buildSettings = {
				ASSETCATALOG_COMPILER_APPICON_NAME = AppIcon;
				ASSETCATALOG_COMPILER_GLOBAL_ACCENT_COLOR_NAME = AccentColor;
				ASSETCATALOG_COMPILER_INCLUDE_ALL_APPICON_ASSETS = NO;
				CODE_SIGN_IDENTITY = "Apple Development";
				CODE_SIGN_STYLE = Automatic;
				CURRENT_PROJECT_VERSION = 1;
				DEVELOPMENT_TEAM = 7HK4S9RF37;
				ENABLE_PREVIEWS = YES;
				GENERATE_INFOPLIST_FILE = YES;
				INFOPLIST_KEY_UIApplicationSceneManifest_Generation = YES;
				INFOPLIST_KEY_UIApplicationSupportsIndirectInputEvents = YES;
				INFOPLIST_KEY_UILaunchScreen_Generation = YES;
				INFOPLIST_KEY_UISupportedInterfaceOrientations_iPad = "UIInterfaceOrientationPortrait UIInterfaceOrientationPortraitUpsideDown UIInterfaceOrientationLandscapeLeft UIInterfaceOrientationLandscapeRight";
				INFOPLIST_KEY_UISupportedInterfaceOrientations_iPhone = "UIInterfaceOrientationPortrait UIInterfaceOrientationLandscapeLeft UIInterfaceOrientationLandscapeRight";
				IPHONEOS_DEPLOYMENT_TARGET = 15.4;
				LD_RUNPATH_SEARCH_PATHS = (
					"$(inherited)",
					"@executable_path/Frameworks",
				);
				MARKETING_VERSION = 1.0;
				PRODUCT_BUNDLE_IDENTIFIER = matthias.praktikum.sap.WirtschaftsSimulation;
				PRODUCT_NAME = WirtschaftsSimulation;
				PROVISIONING_PROFILE_SPECIFIER = "";
				SDKROOT = iphoneos;
				SWIFT_EMIT_LOC_STRINGS = YES;
				SWIFT_VERSION = 5.0;
				TARGETED_DEVICE_FAMILY = "1,2";
				VALIDATE_PRODUCT = YES;
			};
			name = Release;
		};
		39438C61280FEAFC0003E01F /* Debug */ = {
			isa = XCBuildConfiguration;
			buildSettings = {
				ASSETCATALOG_COMPILER_APPICON_NAME = AppIcon;
				ASSETCATALOG_COMPILER_GLOBAL_ACCENT_COLOR_NAME = AccentColor;
				CODE_SIGN_ENTITLEMENTS = macOS/macOS.entitlements;
				CODE_SIGN_STYLE = Automatic;
				COMBINE_HIDPI_IMAGES = YES;
				CURRENT_PROJECT_VERSION = 1;
				ENABLE_PREVIEWS = YES;
				GENERATE_INFOPLIST_FILE = YES;
				INFOPLIST_KEY_NSHumanReadableCopyright = "";
				LD_RUNPATH_SEARCH_PATHS = (
					"$(inherited)",
					"@executable_path/../Frameworks",
				);
				MACOSX_DEPLOYMENT_TARGET = 12.3;
				MARKETING_VERSION = 1.0;
				PRODUCT_BUNDLE_IDENTIFIER = matthias.praktikum.WirtschaftsSimulation;
				PRODUCT_NAME = WirtschaftsSimulation;
				SDKROOT = macosx;
				SWIFT_EMIT_LOC_STRINGS = YES;
				SWIFT_VERSION = 5.0;
			};
			name = Debug;
		};
		39438C62280FEAFC0003E01F /* Release */ = {
			isa = XCBuildConfiguration;
			buildSettings = {
				ASSETCATALOG_COMPILER_APPICON_NAME = AppIcon;
				ASSETCATALOG_COMPILER_GLOBAL_ACCENT_COLOR_NAME = AccentColor;
				CODE_SIGN_ENTITLEMENTS = macOS/macOS.entitlements;
				CODE_SIGN_STYLE = Automatic;
				COMBINE_HIDPI_IMAGES = YES;
				CURRENT_PROJECT_VERSION = 1;
				ENABLE_PREVIEWS = YES;
				GENERATE_INFOPLIST_FILE = YES;
				INFOPLIST_KEY_NSHumanReadableCopyright = "";
				LD_RUNPATH_SEARCH_PATHS = (
					"$(inherited)",
					"@executable_path/../Frameworks",
				);
				MACOSX_DEPLOYMENT_TARGET = 12.3;
				MARKETING_VERSION = 1.0;
				PRODUCT_BUNDLE_IDENTIFIER = matthias.praktikum.WirtschaftsSimulation;
				PRODUCT_NAME = WirtschaftsSimulation;
				SDKROOT = macosx;
				SWIFT_EMIT_LOC_STRINGS = YES;
				SWIFT_VERSION = 5.0;
			};
			name = Release;
		};
		39438C64280FEAFC0003E01F /* Debug */ = {
			isa = XCBuildConfiguration;
			buildSettings = {
				ALWAYS_EMBED_SWIFT_STANDARD_LIBRARIES = YES;
				CODE_SIGN_STYLE = Automatic;
				CURRENT_PROJECT_VERSION = 1;
				GENERATE_INFOPLIST_FILE = YES;
				IPHONEOS_DEPLOYMENT_TARGET = 15.4;
				MARKETING_VERSION = 1.0;
				PRODUCT_BUNDLE_IDENTIFIER = "matthias.praktikum.Tests-iOS";
				PRODUCT_NAME = "$(TARGET_NAME)";
				SDKROOT = iphoneos;
				SWIFT_EMIT_LOC_STRINGS = NO;
				SWIFT_VERSION = 5.0;
				TARGETED_DEVICE_FAMILY = "1,2";
				TEST_TARGET_NAME = "WirtschaftsSimulation (iOS)";
			};
			name = Debug;
		};
		39438C65280FEAFC0003E01F /* Release */ = {
			isa = XCBuildConfiguration;
			buildSettings = {
				ALWAYS_EMBED_SWIFT_STANDARD_LIBRARIES = YES;
				CODE_SIGN_STYLE = Automatic;
				CURRENT_PROJECT_VERSION = 1;
				GENERATE_INFOPLIST_FILE = YES;
				IPHONEOS_DEPLOYMENT_TARGET = 15.4;
				MARKETING_VERSION = 1.0;
				PRODUCT_BUNDLE_IDENTIFIER = "matthias.praktikum.Tests-iOS";
				PRODUCT_NAME = "$(TARGET_NAME)";
				SDKROOT = iphoneos;
				SWIFT_EMIT_LOC_STRINGS = NO;
				SWIFT_VERSION = 5.0;
				TARGETED_DEVICE_FAMILY = "1,2";
				TEST_TARGET_NAME = "WirtschaftsSimulation (iOS)";
				VALIDATE_PRODUCT = YES;
			};
			name = Release;
		};
		39438C67280FEAFC0003E01F /* Debug */ = {
			isa = XCBuildConfiguration;
			buildSettings = {
				ALWAYS_EMBED_SWIFT_STANDARD_LIBRARIES = YES;
				CODE_SIGN_STYLE = Automatic;
				CURRENT_PROJECT_VERSION = 1;
				GENERATE_INFOPLIST_FILE = YES;
				MACOSX_DEPLOYMENT_TARGET = 12.3;
				MARKETING_VERSION = 1.0;
				PRODUCT_BUNDLE_IDENTIFIER = "matthias.praktikum.Tests-macOS";
				PRODUCT_NAME = "$(TARGET_NAME)";
				SDKROOT = macosx;
				SWIFT_EMIT_LOC_STRINGS = NO;
				SWIFT_VERSION = 5.0;
				TEST_TARGET_NAME = "WirtschaftsSimulation (macOS)";
			};
			name = Debug;
		};
		39438C68280FEAFC0003E01F /* Release */ = {
			isa = XCBuildConfiguration;
			buildSettings = {
				ALWAYS_EMBED_SWIFT_STANDARD_LIBRARIES = YES;
				CODE_SIGN_STYLE = Automatic;
				CURRENT_PROJECT_VERSION = 1;
				GENERATE_INFOPLIST_FILE = YES;
				MACOSX_DEPLOYMENT_TARGET = 12.3;
				MARKETING_VERSION = 1.0;
				PRODUCT_BUNDLE_IDENTIFIER = "matthias.praktikum.Tests-macOS";
				PRODUCT_NAME = "$(TARGET_NAME)";
				SDKROOT = macosx;
				SWIFT_EMIT_LOC_STRINGS = NO;
				SWIFT_VERSION = 5.0;
				TEST_TARGET_NAME = "WirtschaftsSimulation (macOS)";
			};
			name = Release;
		};
/* End XCBuildConfiguration section */

/* Begin XCConfigurationList section */
		39438C2B280FEAF40003E01F /* Build configuration list for PBXProject "WirtschaftsSimulation" */ = {
			isa = XCConfigurationList;
			buildConfigurations = (
				39438C5B280FEAFC0003E01F /* Debug */,
				39438C5C280FEAFC0003E01F /* Release */,
			);
			defaultConfigurationIsVisible = 0;
			defaultConfigurationName = Release;
		};
		39438C5D280FEAFC0003E01F /* Build configuration list for PBXNativeTarget "WirtschaftsSimulation (iOS)" */ = {
			isa = XCConfigurationList;
			buildConfigurations = (
				39438C5E280FEAFC0003E01F /* Debug */,
				39438C5F280FEAFC0003E01F /* Release */,
			);
			defaultConfigurationIsVisible = 0;
			defaultConfigurationName = Release;
		};
		39438C60280FEAFC0003E01F /* Build configuration list for PBXNativeTarget "WirtschaftsSimulation (macOS)" */ = {
			isa = XCConfigurationList;
			buildConfigurations = (
				39438C61280FEAFC0003E01F /* Debug */,
				39438C62280FEAFC0003E01F /* Release */,
			);
			defaultConfigurationIsVisible = 0;
			defaultConfigurationName = Release;
		};
		39438C63280FEAFC0003E01F /* Build configuration list for PBXNativeTarget "Tests iOS" */ = {
			isa = XCConfigurationList;
			buildConfigurations = (
				39438C64280FEAFC0003E01F /* Debug */,
				39438C65280FEAFC0003E01F /* Release */,
			);
			defaultConfigurationIsVisible = 0;
			defaultConfigurationName = Release;
		};
		39438C66280FEAFC0003E01F /* Build configuration list for PBXNativeTarget "Tests macOS" */ = {
			isa = XCConfigurationList;
			buildConfigurations = (
				39438C67280FEAFC0003E01F /* Debug */,
				39438C68280FEAFC0003E01F /* Release */,
			);
			defaultConfigurationIsVisible = 0;
			defaultConfigurationName = Release;
		};
/* End XCConfigurationList section */
	};
	rootObject = 39438C28280FEAF40003E01F /* Project object */;
}
